
Microsoft Visual Studio Solution File, Format Version 12.00
# Visual Studio Version 17
VisualStudioVersion = 17.3.32804.467
MinimumVisualStudioVersion = 10.0.40219.1
Project("{9A19103F-16F7-4668-BE54-9A1E7A4F7556}") = "Atividade.API", "src\Atividade.API\Atividade.API.csproj", "{03E6147C-2A2F-4BC5-AC49-D9811AD359D2}"
EndProject
Global
	GlobalSection(SolutionConfigurationPlatforms) = preSolution
		Debug|Any CPU = Debug|Any CPU
		Release|Any CPU = Release|Any CPU
	EndGlobalSection
	GlobalSection(ProjectConfigurationPlatforms) = postSolution
		{03E6147C-2A2F-4BC5-AC49-D9811AD359D2}.Debug|Any CPU.ActiveCfg = Debug|Any CPU
		{03E6147C-2A2F-4BC5-AC49-D9811AD359D2}.Debug|Any CPU.Build.0 = Debug|Any CPU
		{03E6147C-2A2F-4BC5-AC49-D9811AD359D2}.Release|Any CPU.ActiveCfg = Release|Any CPU
		{03E6147C-2A2F-4BC5-AC49-D9811AD359D2}.Release|Any CPU.Build.0 = Release|Any CPU
	EndGlobalSection
	GlobalSection(SolutionProperties) = preSolution
		HideSolutionNode = FALSE
	EndGlobalSection
	GlobalSection(ExtensibilityGlobals) = postSolution
		SolutionGuid = {BED1D7B9-CD68-46C2-AE6A-A2A1F893EFEF}
	EndGlobalSection
EndGlobal
